
Microsoft Visual Studio Solution File, Format Version 12.00
# Visual Studio 15
VisualStudioVersion = 15.0.27703.2042
MinimumVisualStudioVersion = 10.0.40219.1
Project("{FAE04EC0-301F-11D3-BF4B-00C04F79EFBC}") = "SerialPort", "SerialPort\SerialPort.csproj", "{379959BC-E632-42CD-9174-12D2A1FE0F79}"
EndProject
Project("{FAE04EC0-301F-11D3-BF4B-00C04F79EFBC}") = "SerialPortTest", "SerialPortTest\SerialPortTest.csproj", "{C670D79D-A005-49F1-80C2-208383655D55}"
EndProject
Global
	GlobalSection(SolutionConfigurationPlatforms) = preSolution
		Debug|Any CPU = Debug|Any CPU
		Release|Any CPU = Release|Any CPU
	EndGlobalSection
	GlobalSection(ProjectConfigurationPlatforms) = postSolution
		{379959BC-E632-42CD-9174-12D2A1FE0F79}.Debug|Any CPU.ActiveCfg = Debug|Any CPU
		{379959BC-E632-42CD-9174-12D2A1FE0F79}.Debug|Any CPU.Build.0 = Debug|Any CPU
		{379959BC-E632-42CD-9174-12D2A1FE0F79}.Release|Any CPU.ActiveCfg = Release|Any CPU
		{379959BC-E632-42CD-9174-12D2A1FE0F79}.Release|Any CPU.Build.0 = Release|Any CPU
		{C670D79D-A005-49F1-80C2-208383655D55}.Debug|Any CPU.ActiveCfg = Debug|Any CPU
		{C670D79D-A005-49F1-80C2-208383655D55}.Debug|Any CPU.Build.0 = Debug|Any CPU
		{C670D79D-A005-49F1-80C2-208383655D55}.Release|Any CPU.ActiveCfg = Release|Any CPU
		{C670D79D-A005-49F1-80C2-208383655D55}.Release|Any CPU.Build.0 = Release|Any CPU
	EndGlobalSection
	GlobalSection(SolutionProperties) = preSolution
		HideSolutionNode = FALSE
	EndGlobalSection
	GlobalSection(ExtensibilityGlobals) = postSolution
		SolutionGuid = {C24937DF-4335-483F-B50D-FD1ADF28F6E8}
	EndGlobalSection
EndGlobal
